
Microsoft Visual Studio Solution File, Format Version 12.00
# Visual Studio Version 17
VisualStudioVersion = 17.12.35527.113
MinimumVisualStudioVersion = 10.0.40219.1
Project("{9A19103F-16F7-4668-BE54-9A1E7A4F7556}") = "BeautyBot", "BeautyBot\BeautyBot.csproj", "{4DF11AF0-7089-4AB6-A527-C99E01409C97}"
EndProject
Global
	GlobalSection(SolutionConfigurationPlatforms) = preSolution
		Debug|Any CPU = Debug|Any CPU
		Release|Any CPU = Release|Any CPU
	EndGlobalSection
	GlobalSection(ProjectConfigurationPlatforms) = postSolution
		{4DF11AF0-7089-4AB6-A527-C99E01409C97}.Debug|Any CPU.ActiveCfg = Debug|Any CPU
		{4DF11AF0-7089-4AB6-A527-C99E01409C97}.Debug|Any CPU.Build.0 = Debug|Any CPU
		{4DF11AF0-7089-4AB6-A527-C99E01409C97}.Release|Any CPU.ActiveCfg = Release|Any CPU
		{4DF11AF0-7089-4AB6-A527-C99E01409C97}.Release|Any CPU.Build.0 = Release|Any CPU
	EndGlobalSection
	GlobalSection(SolutionProperties) = preSolution
		HideSolutionNode = FALSE
	EndGlobalSection
	GlobalSection(ExtensibilityGlobals) = postSolution
		SolutionGuid = {A60356B2-BC82-4923-95C8-E23B067C5C27}
	EndGlobalSection
EndGlobal
