
Microsoft Visual Studio Solution File, Format Version 12.00
# Visual Studio Version 17
VisualStudioVersion = 17.12.35527.113 d17.12
MinimumVisualStudioVersion = 10.0.40219.1
Project("{FAE04EC0-301F-11D3-BF4B-00C04F79EFBC}") = "BeautyBot", "BeautyBot\BeautyBot.csproj", "{4DF11AF0-7089-4AB6-A527-C99E01409C97}"
EndProject
Project("{FAE04EC0-301F-11D3-BF4B-00C04F79EFBC}") = "Otus.ToDoList.ConsoleBot", "..\NailBotTG\Otus.ToDoList.ConsoleBot\Otus.ToDoList.ConsoleBot.csproj", "{3A9F6A20-039F-466D-855D-4F1BD7AAF236}"
EndProject
Global
	GlobalSection(SolutionConfigurationPlatforms) = preSolution
		Debug|Any CPU = Debug|Any CPU
		Release|Any CPU = Release|Any CPU
	EndGlobalSection
	GlobalSection(ProjectConfigurationPlatforms) = postSolution
		{4DF11AF0-7089-4AB6-A527-C99E01409C97}.Debug|Any CPU.ActiveCfg = Debug|Any CPU
		{4DF11AF0-7089-4AB6-A527-C99E01409C97}.Debug|Any CPU.Build.0 = Debug|Any CPU
		{4DF11AF0-7089-4AB6-A527-C99E01409C97}.Release|Any CPU.ActiveCfg = Release|Any CPU
		{4DF11AF0-7089-4AB6-A527-C99E01409C97}.Release|Any CPU.Build.0 = Release|Any CPU
		{3A9F6A20-039F-466D-855D-4F1BD7AAF236}.Debug|Any CPU.ActiveCfg = Debug|Any CPU
		{3A9F6A20-039F-466D-855D-4F1BD7AAF236}.Debug|Any CPU.Build.0 = Debug|Any CPU
		{3A9F6A20-039F-466D-855D-4F1BD7AAF236}.Release|Any CPU.ActiveCfg = Release|Any CPU
		{3A9F6A20-039F-466D-855D-4F1BD7AAF236}.Release|Any CPU.Build.0 = Release|Any CPU
	EndGlobalSection
	GlobalSection(SolutionProperties) = preSolution
		HideSolutionNode = FALSE
	EndGlobalSection
EndGlobal
